
Microsoft Visual Studio Solution File, Format Version 12.00
# Visual Studio Version 16
VisualStudioVersion = 16.0.30406.217
MinimumVisualStudioVersion = 10.0.40219.1
Project("{FAE04EC0-301F-11D3-BF4B-00C04F79EFBC}") = "Lab27API", "Lab27API.csproj", "{B71B460F-ED8D-4C7F-A36A-72F6655A566C}"
EndProject
Global
	GlobalSection(SolutionConfigurationPlatforms) = preSolution
		Debug|Any CPU = Debug|Any CPU
		Release|Any CPU = Release|Any CPU
	EndGlobalSection
	GlobalSection(ProjectConfigurationPlatforms) = postSolution
		{B71B460F-ED8D-4C7F-A36A-72F6655A566C}.Debug|Any CPU.ActiveCfg = Debug|Any CPU
		{B71B460F-ED8D-4C7F-A36A-72F6655A566C}.Debug|Any CPU.Build.0 = Debug|Any CPU
		{B71B460F-ED8D-4C7F-A36A-72F6655A566C}.Release|Any CPU.ActiveCfg = Release|Any CPU
		{B71B460F-ED8D-4C7F-A36A-72F6655A566C}.Release|Any CPU.Build.0 = Release|Any CPU
	EndGlobalSection
	GlobalSection(SolutionProperties) = preSolution
		HideSolutionNode = FALSE
	EndGlobalSection
	GlobalSection(ExtensibilityGlobals) = postSolution
		SolutionGuid = {02ACA2CD-265F-46F9-831E-B2CC1D6D504D}
	EndGlobalSection
EndGlobal
